
Microsoft Visual Studio Solution File, Format Version 12.00
# Visual Studio Version 16
VisualStudioVersion = 16.0.29306.81
MinimumVisualStudioVersion = 10.0.40219.1
Project("{9A19103F-16F7-4668-BE54-9A1E7A4F7556}") = "Altv-Roleplay", "Altv-Roleplay\Altv-Roleplay.csproj", "{8A18D778-7483-4F69-A18A-493C1E27A853}"
	ProjectSection(ProjectDependencies) = postProject
		{11C71B78-004A-471F-B29D-C2CBE4673579} = {11C71B78-004A-471F-B29D-C2CBE4673579}
	EndProjectSection
EndProject
Project("{FAE04EC0-301F-11D3-BF4B-00C04F79EFBC}") = "DiscordLog", "DiscordLog\DiscordLog.csproj", "{11C71B78-004A-471F-B29D-C2CBE4673579}"
EndProject
Project("{9A19103F-16F7-4668-BE54-9A1E7A4F7556}") = "SaltyChat.Server", "SaltyServer\SaltyChat.Server.csproj", "{D9F04543-F12C-4E7A-A634-C0B8C0EE7258}"
EndProject
Global
	GlobalSection(SolutionConfigurationPlatforms) = preSolution
		Debug|Any CPU = Debug|Any CPU
		Release|Any CPU = Release|Any CPU
	EndGlobalSection
	GlobalSection(ProjectConfigurationPlatforms) = postSolution
		{8A18D778-7483-4F69-A18A-493C1E27A853}.Debug|Any CPU.ActiveCfg = Debug|Any CPU
		{8A18D778-7483-4F69-A18A-493C1E27A853}.Debug|Any CPU.Build.0 = Debug|Any CPU
		{8A18D778-7483-4F69-A18A-493C1E27A853}.Release|Any CPU.ActiveCfg = Release|Any CPU
		{8A18D778-7483-4F69-A18A-493C1E27A853}.Release|Any CPU.Build.0 = Release|Any CPU
		{11C71B78-004A-471F-B29D-C2CBE4673579}.Debug|Any CPU.ActiveCfg = Debug|Any CPU
		{11C71B78-004A-471F-B29D-C2CBE4673579}.Debug|Any CPU.Build.0 = Debug|Any CPU
		{11C71B78-004A-471F-B29D-C2CBE4673579}.Release|Any CPU.ActiveCfg = Release|Any CPU
		{11C71B78-004A-471F-B29D-C2CBE4673579}.Release|Any CPU.Build.0 = Release|Any CPU
		{D9F04543-F12C-4E7A-A634-C0B8C0EE7258}.Debug|Any CPU.ActiveCfg = Debug|Any CPU
		{D9F04543-F12C-4E7A-A634-C0B8C0EE7258}.Debug|Any CPU.Build.0 = Debug|Any CPU
		{D9F04543-F12C-4E7A-A634-C0B8C0EE7258}.Release|Any CPU.ActiveCfg = Release|Any CPU
		{D9F04543-F12C-4E7A-A634-C0B8C0EE7258}.Release|Any CPU.Build.0 = Release|Any CPU
	EndGlobalSection
	GlobalSection(SolutionProperties) = preSolution
		HideSolutionNode = FALSE
	EndGlobalSection
	GlobalSection(ExtensibilityGlobals) = postSolution
		SolutionGuid = {7D582713-1886-4338-8CD8-C15FFE0ABBAB}
	EndGlobalSection
EndGlobal
